
Microsoft Visual Studio Solution File, Format Version 12.00
# Visual Studio Version 17
VisualStudioVersion = 17.3.32929.385
MinimumVisualStudioVersion = 10.0.40219.1
Project("{9A19103F-16F7-4668-BE54-9A1E7A4F7556}") = "MedicalSystem", "MedicalSystem\MedicalSystem.csproj", "{70552348-D34F-42FD-B025-C75351E14A60}"
EndProject
Global
	GlobalSection(SolutionConfigurationPlatforms) = preSolution
		Debug|Any CPU = Debug|Any CPU
		Debug|x64 = Debug|x64
		Debug|x86 = Debug|x86
		Release|Any CPU = Release|Any CPU
		Release|x64 = Release|x64
		Release|x86 = Release|x86
	EndGlobalSection
	GlobalSection(ProjectConfigurationPlatforms) = postSolution
		{70552348-D34F-42FD-B025-C75351E14A60}.Debug|Any CPU.ActiveCfg = Debug|Any CPU
		{70552348-D34F-42FD-B025-C75351E14A60}.Debug|Any CPU.Build.0 = Debug|Any CPU
		{70552348-D34F-42FD-B025-C75351E14A60}.Debug|x64.ActiveCfg = Debug|x64
		{70552348-D34F-42FD-B025-C75351E14A60}.Debug|x64.Build.0 = Debug|x64
		{70552348-D34F-42FD-B025-C75351E14A60}.Debug|x86.ActiveCfg = Debug|x86
		{70552348-D34F-42FD-B025-C75351E14A60}.Debug|x86.Build.0 = Debug|x86
		{70552348-D34F-42FD-B025-C75351E14A60}.Release|Any CPU.ActiveCfg = Release|Any CPU
		{70552348-D34F-42FD-B025-C75351E14A60}.Release|Any CPU.Build.0 = Release|Any CPU
		{70552348-D34F-42FD-B025-C75351E14A60}.Release|x64.ActiveCfg = Release|x64
		{70552348-D34F-42FD-B025-C75351E14A60}.Release|x64.Build.0 = Release|x64
		{70552348-D34F-42FD-B025-C75351E14A60}.Release|x86.ActiveCfg = Release|x86
		{70552348-D34F-42FD-B025-C75351E14A60}.Release|x86.Build.0 = Release|x86
	EndGlobalSection
	GlobalSection(SolutionProperties) = preSolution
		HideSolutionNode = FALSE
	EndGlobalSection
	GlobalSection(ExtensibilityGlobals) = postSolution
		SolutionGuid = {88F9022D-D91A-4AAF-B1DC-57509859D91A}
	EndGlobalSection
EndGlobal
